
Microsoft Visual Studio Solution File, Format Version 12.00
# Visual Studio Version 16
VisualStudioVersion = 16.0.30413.136
MinimumVisualStudioVersion = 10.0.40219.1
Project("{FAE04EC0-301F-11D3-BF4B-00C04F79EFBC}") = "BlazorWebAssembly", "BlazorWebAssembly\BlazorWebAssembly.csproj", "{FF23BC41-933E-4B0E-B4EE-E956CB0C18E0}"
EndProject
Global
	GlobalSection(SolutionConfigurationPlatforms) = preSolution
		Debug|Any CPU = Debug|Any CPU
		Release|Any CPU = Release|Any CPU
	EndGlobalSection
	GlobalSection(ProjectConfigurationPlatforms) = postSolution
		{FF23BC41-933E-4B0E-B4EE-E956CB0C18E0}.Debug|Any CPU.ActiveCfg = Debug|Any CPU
		{FF23BC41-933E-4B0E-B4EE-E956CB0C18E0}.Debug|Any CPU.Build.0 = Debug|Any CPU
		{FF23BC41-933E-4B0E-B4EE-E956CB0C18E0}.Release|Any CPU.ActiveCfg = Release|Any CPU
		{FF23BC41-933E-4B0E-B4EE-E956CB0C18E0}.Release|Any CPU.Build.0 = Release|Any CPU
	EndGlobalSection
	GlobalSection(SolutionProperties) = preSolution
		HideSolutionNode = FALSE
	EndGlobalSection
	GlobalSection(ExtensibilityGlobals) = postSolution
		SolutionGuid = {9FD411F4-A0E7-4D6F-9D0F-4FA5B5732081}
	EndGlobalSection
EndGlobal
